
Microsoft Visual Studio Solution File, Format Version 12.00
# Visual Studio Version 17
VisualStudioVersion = 17.5.002.0
MinimumVisualStudioVersion = 10.0.40219.1
Project("{9A19103F-16F7-4668-BE54-9A1E7A4F7556}") = "Restaurants.API", "Restaurants.API\Restaurants.API.csproj", "{527BF10D-E70A-48B1-B223-29CC4A9225DC}"
EndProject
Project("{FAE04EC0-301F-11D3-BF4B-00C04F79EFBC}") = "Restaurants.Application", "Restaurants.Application\Restaurants.Application.csproj", "{399C80F2-F1CC-4EB2-8F76-3CFF2B19DE64}"
EndProject
Project("{FAE04EC0-301F-11D3-BF4B-00C04F79EFBC}") = "Restaurants.Domain", "Restaurants.Domain\Restaurants.Domain.csproj", "{8864976C-2810-4B3B-820E-8983636767B8}"
EndProject
Project("{FAE04EC0-301F-11D3-BF4B-00C04F79EFBC}") = "Restaurants.Infrastructure", "Restaurants.Infrastructure\Restaurants.Infrastructure.csproj", "{3EF6BCEA-E03D-480D-9814-E0E4DD427F64}"
EndProject
Global
	GlobalSection(SolutionConfigurationPlatforms) = preSolution
		Debug|Any CPU = Debug|Any CPU
		Release|Any CPU = Release|Any CPU
	EndGlobalSection
	GlobalSection(ProjectConfigurationPlatforms) = postSolution
		{527BF10D-E70A-48B1-B223-29CC4A9225DC}.Debug|Any CPU.ActiveCfg = Debug|Any CPU
		{527BF10D-E70A-48B1-B223-29CC4A9225DC}.Debug|Any CPU.Build.0 = Debug|Any CPU
		{527BF10D-E70A-48B1-B223-29CC4A9225DC}.Release|Any CPU.ActiveCfg = Release|Any CPU
		{527BF10D-E70A-48B1-B223-29CC4A9225DC}.Release|Any CPU.Build.0 = Release|Any CPU
		{399C80F2-F1CC-4EB2-8F76-3CFF2B19DE64}.Debug|Any CPU.ActiveCfg = Debug|Any CPU
		{399C80F2-F1CC-4EB2-8F76-3CFF2B19DE64}.Debug|Any CPU.Build.0 = Debug|Any CPU
		{399C80F2-F1CC-4EB2-8F76-3CFF2B19DE64}.Release|Any CPU.ActiveCfg = Release|Any CPU
		{399C80F2-F1CC-4EB2-8F76-3CFF2B19DE64}.Release|Any CPU.Build.0 = Release|Any CPU
		{8864976C-2810-4B3B-820E-8983636767B8}.Debug|Any CPU.ActiveCfg = Debug|Any CPU
		{8864976C-2810-4B3B-820E-8983636767B8}.Debug|Any CPU.Build.0 = Debug|Any CPU
		{8864976C-2810-4B3B-820E-8983636767B8}.Release|Any CPU.ActiveCfg = Release|Any CPU
		{8864976C-2810-4B3B-820E-8983636767B8}.Release|Any CPU.Build.0 = Release|Any CPU
		{3EF6BCEA-E03D-480D-9814-E0E4DD427F64}.Debug|Any CPU.ActiveCfg = Debug|Any CPU
		{3EF6BCEA-E03D-480D-9814-E0E4DD427F64}.Debug|Any CPU.Build.0 = Debug|Any CPU
		{3EF6BCEA-E03D-480D-9814-E0E4DD427F64}.Release|Any CPU.ActiveCfg = Release|Any CPU
		{3EF6BCEA-E03D-480D-9814-E0E4DD427F64}.Release|Any CPU.Build.0 = Release|Any CPU
	EndGlobalSection
	GlobalSection(SolutionProperties) = preSolution
		HideSolutionNode = FALSE
	EndGlobalSection
	GlobalSection(ExtensibilityGlobals) = postSolution
		SolutionGuid = {A96ADAD0-0F69-496B-A15E-F0F65ACB4CBE}
	EndGlobalSection
EndGlobal
